
Microsoft Visual Studio Solution File, Format Version 12.00
# Visual Studio 15
VisualStudioVersion = 15.0.28307.329
MinimumVisualStudioVersion = 10.0.40219.1
Project("{9A19103F-16F7-4668-BE54-9A1E7A4F7556}") = "InstaLike.Core", "InstaLike.Core\InstaLike.Core.csproj", "{F4923C44-AB39-4C05-8484-2D46F06D7BE6}"
EndProject
Project("{9A19103F-16F7-4668-BE54-9A1E7A4F7556}") = "InstaLike.Web", "InstaLike.Web\InstaLike.Web.csproj", "{7ADB2DD7-CCA4-4E28-A88E-A388D88D1C57}"
EndProject
Project("{00D1A9C2-B5F0-4AF3-8072-F6C62B433612}") = "InstaLike.Database", "InstaLike.Database\InstaLike.Database.sqlproj", "{90472326-6580-4B44-A9A5-E5281FC0B2CB}"
EndProject
Global
	GlobalSection(SolutionConfigurationPlatforms) = preSolution
		Debug|Any CPU = Debug|Any CPU
		Release|Any CPU = Release|Any CPU
	EndGlobalSection
	GlobalSection(ProjectConfigurationPlatforms) = postSolution
		{F4923C44-AB39-4C05-8484-2D46F06D7BE6}.Debug|Any CPU.ActiveCfg = Debug|Any CPU
		{F4923C44-AB39-4C05-8484-2D46F06D7BE6}.Debug|Any CPU.Build.0 = Debug|Any CPU
		{F4923C44-AB39-4C05-8484-2D46F06D7BE6}.Release|Any CPU.ActiveCfg = Release|Any CPU
		{F4923C44-AB39-4C05-8484-2D46F06D7BE6}.Release|Any CPU.Build.0 = Release|Any CPU
		{7ADB2DD7-CCA4-4E28-A88E-A388D88D1C57}.Debug|Any CPU.ActiveCfg = Debug|Any CPU
		{7ADB2DD7-CCA4-4E28-A88E-A388D88D1C57}.Debug|Any CPU.Build.0 = Debug|Any CPU
		{7ADB2DD7-CCA4-4E28-A88E-A388D88D1C57}.Release|Any CPU.ActiveCfg = Release|Any CPU
		{7ADB2DD7-CCA4-4E28-A88E-A388D88D1C57}.Release|Any CPU.Build.0 = Release|Any CPU
		{90472326-6580-4B44-A9A5-E5281FC0B2CB}.Debug|Any CPU.ActiveCfg = Debug|Any CPU
		{90472326-6580-4B44-A9A5-E5281FC0B2CB}.Debug|Any CPU.Build.0 = Debug|Any CPU
		{90472326-6580-4B44-A9A5-E5281FC0B2CB}.Debug|Any CPU.Deploy.0 = Debug|Any CPU
		{90472326-6580-4B44-A9A5-E5281FC0B2CB}.Release|Any CPU.ActiveCfg = Release|Any CPU
		{90472326-6580-4B44-A9A5-E5281FC0B2CB}.Release|Any CPU.Build.0 = Release|Any CPU
		{90472326-6580-4B44-A9A5-E5281FC0B2CB}.Release|Any CPU.Deploy.0 = Release|Any CPU
	EndGlobalSection
	GlobalSection(SolutionProperties) = preSolution
		HideSolutionNode = FALSE
	EndGlobalSection
	GlobalSection(ExtensibilityGlobals) = postSolution
		SolutionGuid = {216025B7-3989-421E-94E2-EA7C37557D65}
	EndGlobalSection
EndGlobal
