
Microsoft Visual Studio Solution File, Format Version 12.00
# Visual Studio Version 16
VisualStudioVersion = 16.0.28803.352
MinimumVisualStudioVersion = 10.0.40219.1
Project("{9A19103F-16F7-4668-BE54-9A1E7A4F7556}") = "InstaLike.Core", "InstaLike.Core\InstaLike.Core.csproj", "{F4923C44-AB39-4C05-8484-2D46F06D7BE6}"
EndProject
Project("{9A19103F-16F7-4668-BE54-9A1E7A4F7556}") = "InstaLike.Web", "InstaLike.Web\InstaLike.Web.csproj", "{7ADB2DD7-CCA4-4E28-A88E-A388D88D1C57}"
EndProject
Project("{00D1A9C2-B5F0-4AF3-8072-F6C62B433612}") = "InstaLike.Database", "InstaLike.Database\InstaLike.Database.sqlproj", "{90472326-6580-4B44-A9A5-E5281FC0B2CB}"
EndProject
Project("{9A19103F-16F7-4668-BE54-9A1E7A4F7556}") = "InstaLike.Core.Tests", "InstaLike.Core.Tests\InstaLike.Core.Tests.csproj", "{819CA6BE-C968-4088-ACD2-C03A5AC5AE8F}"
EndProject
Project("{00D1A9C2-B5F0-4AF3-8072-F6C62B433612}") = "InstaLike.Database.Azure", "InstaLike.Database.Azure\InstaLike.Database.Azure.sqlproj", "{8E2F0AE6-B073-4782-A7AB-15B99B98BBCB}"
EndProject
Project("{9A19103F-16F7-4668-BE54-9A1E7A4F7556}") = "InstaLike.IntegrationTests", "InstaLike.IntegrationTests\InstaLike.IntegrationTests.csproj", "{46ADA7D0-72BC-4701-9595-27CDA778DF52}"
EndProject
Project("{2150E333-8FDC-42A3-9474-1A3956D46DE8}") = "Solution Items", "Solution Items", "{5A4FDE1F-C114-4495-AE00-7E27BAF993C6}"
	ProjectSection(SolutionItems) = preProject
		sonarcloud.cmd = sonarcloud.cmd
	EndProjectSection
EndProject
Global
	GlobalSection(SolutionConfigurationPlatforms) = preSolution
		Debug|Any CPU = Debug|Any CPU
		Release|Any CPU = Release|Any CPU
	EndGlobalSection
	GlobalSection(ProjectConfigurationPlatforms) = postSolution
		{F4923C44-AB39-4C05-8484-2D46F06D7BE6}.Debug|Any CPU.ActiveCfg = Debug|Any CPU
		{F4923C44-AB39-4C05-8484-2D46F06D7BE6}.Debug|Any CPU.Build.0 = Debug|Any CPU
		{F4923C44-AB39-4C05-8484-2D46F06D7BE6}.Release|Any CPU.ActiveCfg = Release|Any CPU
		{F4923C44-AB39-4C05-8484-2D46F06D7BE6}.Release|Any CPU.Build.0 = Release|Any CPU
		{7ADB2DD7-CCA4-4E28-A88E-A388D88D1C57}.Debug|Any CPU.ActiveCfg = Debug|Any CPU
		{7ADB2DD7-CCA4-4E28-A88E-A388D88D1C57}.Debug|Any CPU.Build.0 = Debug|Any CPU
		{7ADB2DD7-CCA4-4E28-A88E-A388D88D1C57}.Release|Any CPU.ActiveCfg = Release|Any CPU
		{7ADB2DD7-CCA4-4E28-A88E-A388D88D1C57}.Release|Any CPU.Build.0 = Release|Any CPU
		{90472326-6580-4B44-A9A5-E5281FC0B2CB}.Debug|Any CPU.ActiveCfg = Debug|Any CPU
		{90472326-6580-4B44-A9A5-E5281FC0B2CB}.Debug|Any CPU.Build.0 = Debug|Any CPU
		{90472326-6580-4B44-A9A5-E5281FC0B2CB}.Debug|Any CPU.Deploy.0 = Debug|Any CPU
		{90472326-6580-4B44-A9A5-E5281FC0B2CB}.Release|Any CPU.ActiveCfg = Release|Any CPU
		{90472326-6580-4B44-A9A5-E5281FC0B2CB}.Release|Any CPU.Build.0 = Release|Any CPU
		{90472326-6580-4B44-A9A5-E5281FC0B2CB}.Release|Any CPU.Deploy.0 = Release|Any CPU
		{819CA6BE-C968-4088-ACD2-C03A5AC5AE8F}.Debug|Any CPU.ActiveCfg = Debug|Any CPU
		{819CA6BE-C968-4088-ACD2-C03A5AC5AE8F}.Debug|Any CPU.Build.0 = Debug|Any CPU
		{819CA6BE-C968-4088-ACD2-C03A5AC5AE8F}.Release|Any CPU.ActiveCfg = Release|Any CPU
		{819CA6BE-C968-4088-ACD2-C03A5AC5AE8F}.Release|Any CPU.Build.0 = Release|Any CPU
		{8E2F0AE6-B073-4782-A7AB-15B99B98BBCB}.Debug|Any CPU.ActiveCfg = Debug|Any CPU
		{8E2F0AE6-B073-4782-A7AB-15B99B98BBCB}.Debug|Any CPU.Build.0 = Debug|Any CPU
		{8E2F0AE6-B073-4782-A7AB-15B99B98BBCB}.Debug|Any CPU.Deploy.0 = Debug|Any CPU
		{8E2F0AE6-B073-4782-A7AB-15B99B98BBCB}.Release|Any CPU.ActiveCfg = Release|Any CPU
		{8E2F0AE6-B073-4782-A7AB-15B99B98BBCB}.Release|Any CPU.Build.0 = Release|Any CPU
		{8E2F0AE6-B073-4782-A7AB-15B99B98BBCB}.Release|Any CPU.Deploy.0 = Release|Any CPU
		{46ADA7D0-72BC-4701-9595-27CDA778DF52}.Debug|Any CPU.ActiveCfg = Debug|Any CPU
		{46ADA7D0-72BC-4701-9595-27CDA778DF52}.Debug|Any CPU.Build.0 = Debug|Any CPU
		{46ADA7D0-72BC-4701-9595-27CDA778DF52}.Release|Any CPU.ActiveCfg = Release|Any CPU
		{46ADA7D0-72BC-4701-9595-27CDA778DF52}.Release|Any CPU.Build.0 = Release|Any CPU
	EndGlobalSection
	GlobalSection(SolutionProperties) = preSolution
		HideSolutionNode = FALSE
	EndGlobalSection
	GlobalSection(ExtensibilityGlobals) = postSolution
		SolutionGuid = {216025B7-3989-421E-94E2-EA7C37557D65}
	EndGlobalSection
EndGlobal
